
Microsoft Visual Studio Solution File, Format Version 12.00
# Visual Studio Version 17
VisualStudioVersion = 17.0.31903.59
MinimumVisualStudioVersion = 10.0.40219.1
Project("{FAE04EC0-301F-11D3-BF4B-00C04F79EFBC}") = "Sentilens.Core", "Sentilens.Core\Sentilens.Core.csproj", "{9931FA7C-AEFD-49DB-B0AB-A1CA9CA02F2F}"
EndProject
Project("{FAE04EC0-301F-11D3-BF4B-00C04F79EFBC}") = "Sentilens.API", "Sentilens.API\Sentilens.API.csproj", "{5155113F-98B9-4721-BEB3-739897DD666B}"
EndProject
Project("{FAE04EC0-301F-11D3-BF4B-00C04F79EFBC}") = "Sentilens.Application", "Sentilens.Application\Sentilens.Application.csproj", "{79359717-3780-45EC-9911-2EA5D05FD3F0}"
EndProject
Project("{FAE04EC0-301F-11D3-BF4B-00C04F79EFBC}") = "Sentilens.Infrastructure", "Sentilens.Infrastructure\Sentilens.Infrastructure.csproj", "{27C484F4-1A77-4FA3-9934-A7DD40134BC0}"
EndProject
Global
	GlobalSection(SolutionConfigurationPlatforms) = preSolution
		Debug|Any CPU = Debug|Any CPU
		Debug|x64 = Debug|x64
		Debug|x86 = Debug|x86
		Release|Any CPU = Release|Any CPU
		Release|x64 = Release|x64
		Release|x86 = Release|x86
	EndGlobalSection
	GlobalSection(ProjectConfigurationPlatforms) = postSolution
		{9931FA7C-AEFD-49DB-B0AB-A1CA9CA02F2F}.Debug|Any CPU.ActiveCfg = Debug|Any CPU
		{9931FA7C-AEFD-49DB-B0AB-A1CA9CA02F2F}.Debug|Any CPU.Build.0 = Debug|Any CPU
		{9931FA7C-AEFD-49DB-B0AB-A1CA9CA02F2F}.Debug|x64.ActiveCfg = Debug|Any CPU
		{9931FA7C-AEFD-49DB-B0AB-A1CA9CA02F2F}.Debug|x64.Build.0 = Debug|Any CPU
		{9931FA7C-AEFD-49DB-B0AB-A1CA9CA02F2F}.Debug|x86.ActiveCfg = Debug|Any CPU
		{9931FA7C-AEFD-49DB-B0AB-A1CA9CA02F2F}.Debug|x86.Build.0 = Debug|Any CPU
		{9931FA7C-AEFD-49DB-B0AB-A1CA9CA02F2F}.Release|Any CPU.ActiveCfg = Release|Any CPU
		{9931FA7C-AEFD-49DB-B0AB-A1CA9CA02F2F}.Release|Any CPU.Build.0 = Release|Any CPU
		{9931FA7C-AEFD-49DB-B0AB-A1CA9CA02F2F}.Release|x64.ActiveCfg = Release|Any CPU
		{9931FA7C-AEFD-49DB-B0AB-A1CA9CA02F2F}.Release|x64.Build.0 = Release|Any CPU
		{9931FA7C-AEFD-49DB-B0AB-A1CA9CA02F2F}.Release|x86.ActiveCfg = Release|Any CPU
		{9931FA7C-AEFD-49DB-B0AB-A1CA9CA02F2F}.Release|x86.Build.0 = Release|Any CPU
		{5155113F-98B9-4721-BEB3-739897DD666B}.Debug|Any CPU.ActiveCfg = Debug|Any CPU
		{5155113F-98B9-4721-BEB3-739897DD666B}.Debug|Any CPU.Build.0 = Debug|Any CPU
		{5155113F-98B9-4721-BEB3-739897DD666B}.Debug|x64.ActiveCfg = Debug|Any CPU
		{5155113F-98B9-4721-BEB3-739897DD666B}.Debug|x64.Build.0 = Debug|Any CPU
		{5155113F-98B9-4721-BEB3-739897DD666B}.Debug|x86.ActiveCfg = Debug|Any CPU
		{5155113F-98B9-4721-BEB3-739897DD666B}.Debug|x86.Build.0 = Debug|Any CPU
		{5155113F-98B9-4721-BEB3-739897DD666B}.Release|Any CPU.ActiveCfg = Release|Any CPU
		{5155113F-98B9-4721-BEB3-739897DD666B}.Release|Any CPU.Build.0 = Release|Any CPU
		{5155113F-98B9-4721-BEB3-739897DD666B}.Release|x64.ActiveCfg = Release|Any CPU
		{5155113F-98B9-4721-BEB3-739897DD666B}.Release|x64.Build.0 = Release|Any CPU
		{5155113F-98B9-4721-BEB3-739897DD666B}.Release|x86.ActiveCfg = Release|Any CPU
		{5155113F-98B9-4721-BEB3-739897DD666B}.Release|x86.Build.0 = Release|Any CPU
		{79359717-3780-45EC-9911-2EA5D05FD3F0}.Debug|Any CPU.ActiveCfg = Debug|Any CPU
		{79359717-3780-45EC-9911-2EA5D05FD3F0}.Debug|Any CPU.Build.0 = Debug|Any CPU
		{79359717-3780-45EC-9911-2EA5D05FD3F0}.Debug|x64.ActiveCfg = Debug|Any CPU
		{79359717-3780-45EC-9911-2EA5D05FD3F0}.Debug|x64.Build.0 = Debug|Any CPU
		{79359717-3780-45EC-9911-2EA5D05FD3F0}.Debug|x86.ActiveCfg = Debug|Any CPU
		{79359717-3780-45EC-9911-2EA5D05FD3F0}.Debug|x86.Build.0 = Debug|Any CPU
		{79359717-3780-45EC-9911-2EA5D05FD3F0}.Release|Any CPU.ActiveCfg = Release|Any CPU
		{79359717-3780-45EC-9911-2EA5D05FD3F0}.Release|Any CPU.Build.0 = Release|Any CPU
		{79359717-3780-45EC-9911-2EA5D05FD3F0}.Release|x64.ActiveCfg = Release|Any CPU
		{79359717-3780-45EC-9911-2EA5D05FD3F0}.Release|x64.Build.0 = Release|Any CPU
		{79359717-3780-45EC-9911-2EA5D05FD3F0}.Release|x86.ActiveCfg = Release|Any CPU
		{79359717-3780-45EC-9911-2EA5D05FD3F0}.Release|x86.Build.0 = Release|Any CPU
		{27C484F4-1A77-4FA3-9934-A7DD40134BC0}.Debug|Any CPU.ActiveCfg = Debug|Any CPU
		{27C484F4-1A77-4FA3-9934-A7DD40134BC0}.Debug|Any CPU.Build.0 = Debug|Any CPU
		{27C484F4-1A77-4FA3-9934-A7DD40134BC0}.Debug|x64.ActiveCfg = Debug|Any CPU
		{27C484F4-1A77-4FA3-9934-A7DD40134BC0}.Debug|x64.Build.0 = Debug|Any CPU
		{27C484F4-1A77-4FA3-9934-A7DD40134BC0}.Debug|x86.ActiveCfg = Debug|Any CPU
		{27C484F4-1A77-4FA3-9934-A7DD40134BC0}.Debug|x86.Build.0 = Debug|Any CPU
		{27C484F4-1A77-4FA3-9934-A7DD40134BC0}.Release|Any CPU.ActiveCfg = Release|Any CPU
		{27C484F4-1A77-4FA3-9934-A7DD40134BC0}.Release|Any CPU.Build.0 = Release|Any CPU
		{27C484F4-1A77-4FA3-9934-A7DD40134BC0}.Release|x64.ActiveCfg = Release|Any CPU
		{27C484F4-1A77-4FA3-9934-A7DD40134BC0}.Release|x64.Build.0 = Release|Any CPU
		{27C484F4-1A77-4FA3-9934-A7DD40134BC0}.Release|x86.ActiveCfg = Release|Any CPU
		{27C484F4-1A77-4FA3-9934-A7DD40134BC0}.Release|x86.Build.0 = Release|Any CPU
	EndGlobalSection
	GlobalSection(SolutionProperties) = preSolution
		HideSolutionNode = FALSE
	EndGlobalSection
EndGlobal
